
Microsoft Visual Studio Solution File, Format Version 12.00
# Visual Studio Version 16
VisualStudioVersion = 16.0.31515.178
MinimumVisualStudioVersion = 10.0.40219.1
Project("{9A19103F-16F7-4668-BE54-9A1E7A4F7556}") = "Keycloak.AspNetCore", "src\Keycloak.AspNetCore.csproj", "{CE9C9DEC-C641-4BD4-BBA8-76C25897B571}"
EndProject
Project("{9A19103F-16F7-4668-BE54-9A1E7A4F7556}") = "KeycloakMvc", "samples\KeycloakSample\KeycloakMvc.csproj", "{025F0F48-4FFD-4E8C-94C9-363F3ABB00A6}"
EndProject
Project("{FAE04EC0-301F-11D3-BF4B-00C04F79EFBC}") = "KeycloakApi", "samples\KeycloakApi\KeycloakApi.csproj", "{EDC22C21-6C6B-47E0-B4F2-49873D89BC47}"
EndProject
Global
	GlobalSection(SolutionConfigurationPlatforms) = preSolution
		Debug|Any CPU = Debug|Any CPU
		Release|Any CPU = Release|Any CPU
	EndGlobalSection
	GlobalSection(ProjectConfigurationPlatforms) = postSolution
		{CE9C9DEC-C641-4BD4-BBA8-76C25897B571}.Debug|Any CPU.ActiveCfg = Debug|Any CPU
		{CE9C9DEC-C641-4BD4-BBA8-76C25897B571}.Debug|Any CPU.Build.0 = Debug|Any CPU
		{CE9C9DEC-C641-4BD4-BBA8-76C25897B571}.Release|Any CPU.ActiveCfg = Release|Any CPU
		{CE9C9DEC-C641-4BD4-BBA8-76C25897B571}.Release|Any CPU.Build.0 = Release|Any CPU
		{025F0F48-4FFD-4E8C-94C9-363F3ABB00A6}.Debug|Any CPU.ActiveCfg = Debug|Any CPU
		{025F0F48-4FFD-4E8C-94C9-363F3ABB00A6}.Debug|Any CPU.Build.0 = Debug|Any CPU
		{025F0F48-4FFD-4E8C-94C9-363F3ABB00A6}.Release|Any CPU.ActiveCfg = Release|Any CPU
		{025F0F48-4FFD-4E8C-94C9-363F3ABB00A6}.Release|Any CPU.Build.0 = Release|Any CPU
		{EDC22C21-6C6B-47E0-B4F2-49873D89BC47}.Debug|Any CPU.ActiveCfg = Debug|Any CPU
		{EDC22C21-6C6B-47E0-B4F2-49873D89BC47}.Debug|Any CPU.Build.0 = Debug|Any CPU
		{EDC22C21-6C6B-47E0-B4F2-49873D89BC47}.Release|Any CPU.ActiveCfg = Release|Any CPU
		{EDC22C21-6C6B-47E0-B4F2-49873D89BC47}.Release|Any CPU.Build.0 = Release|Any CPU
	EndGlobalSection
	GlobalSection(SolutionProperties) = preSolution
		HideSolutionNode = FALSE
	EndGlobalSection
	GlobalSection(ExtensibilityGlobals) = postSolution
		SolutionGuid = {97C9FD47-83EE-4D7B-832E-62538682C1C2}
	EndGlobalSection
EndGlobal
